
Microsoft Visual Studio Solution File, Format Version 12.00
# Visual Studio Version 17
VisualStudioVersion = 17.8.34525.116
MinimumVisualStudioVersion = 10.0.40219.1
Project("{FAE04EC0-301F-11D3-BF4B-00C04F79EFBC}") = "SyntaxHighlighterCS", "SyntaxHighlighterCS.csproj", "{70CF92F2-3E2E-45E1-8E15-3ECED784113E}"
EndProject
Global
	GlobalSection(SolutionConfigurationPlatforms) = preSolution
		Debug|Any CPU = Debug|Any CPU
		Release|Any CPU = Release|Any CPU
	EndGlobalSection
	GlobalSection(ProjectConfigurationPlatforms) = postSolution
		{70CF92F2-3E2E-45E1-8E15-3ECED784113E}.Debug|Any CPU.ActiveCfg = Debug|Any CPU
		{70CF92F2-3E2E-45E1-8E15-3ECED784113E}.Debug|Any CPU.Build.0 = Debug|Any CPU
		{70CF92F2-3E2E-45E1-8E15-3ECED784113E}.Release|Any CPU.ActiveCfg = Release|Any CPU
		{70CF92F2-3E2E-45E1-8E15-3ECED784113E}.Release|Any CPU.Build.0 = Release|Any CPU
	EndGlobalSection
	GlobalSection(SolutionProperties) = preSolution
		HideSolutionNode = FALSE
	EndGlobalSection
	GlobalSection(ExtensibilityGlobals) = postSolution
		SolutionGuid = {3E294B08-07B7-4A97-A480-9C84A1DA4499}
	EndGlobalSection
EndGlobal
